// !$*UTF8*$!
{
	archiveVersion = 1;
	classes = {
	};
	objectVersion = 51;
	objects = {

/* Begin PBXBuildFile section */
		41D058139C7DD69E2217F505 /* Pods_Stylepoll.framework in Frameworks */ = {isa = PBXBuildFile; fileRef = 923BA730A5F92E787732E80E /* Pods_Stylepoll.framework */; };
		55536A6E252F0C2200ED14C2 /* Constants.swift in Sources */ = {isa = PBXBuildFile; fileRef = 55536A55252F0C2100ED14C2 /* Constants.swift */; };
		55536A6F252F0C2200ED14C2 /* Error.swift in Sources */ = {isa = PBXBuildFile; fileRef = 55536A56252F0C2100ED14C2 /* Error.swift */; };
		55536A70252F0C2200ED14C2 /* MainNavigation.swift in Sources */ = {isa = PBXBuildFile; fileRef = 55536A58252F0C2100ED14C2 /* MainNavigation.swift */; };
		55536A71252F0C2200ED14C2 /* TabNavigation.swift in Sources */ = {isa = PBXBuildFile; fileRef = 55536A59252F0C2200ED14C2 /* TabNavigation.swift */; };
		55536A72252F0C2200ED14C2 /* SidebarNavigation.swift in Sources */ = {isa = PBXBuildFile; fileRef = 55536A5A252F0C2200ED14C2 /* SidebarNavigation.swift */; };
		55536A73252F0C2200ED14C2 /* ImagePicker.swift in Sources */ = {isa = PBXBuildFile; fileRef = 55536A5C252F0C2200ED14C2 /* ImagePicker.swift */; };
		55536A74252F0C2200ED14C2 /* Style.swift in Sources */ = {isa = PBXBuildFile; fileRef = 55536A5D252F0C2200ED14C2 /* Style.swift */; };
		55536A75252F0C2200ED14C2 /* HeaderView.swift in Sources */ = {isa = PBXBuildFile; fileRef = 55536A5F252F0C2200ED14C2 /* HeaderView.swift */; };
		55536A77252F0C2200ED14C2 /* User.swift in Sources */ = {isa = PBXBuildFile; fileRef = 55536A62252F0C2200ED14C2 /* User.swift */; };
		55536A78252F0C2200ED14C2 /* SPModel.swift in Sources */ = {isa = PBXBuildFile; fileRef = 55536A63252F0C2200ED14C2 /* SPModel.swift */; };
		55536A79252F0C2200ED14C2 /* SignInView.swift in Sources */ = {isa = PBXBuildFile; fileRef = 55536A65252F0C2200ED14C2 /* SignInView.swift */; };
		55536A7A252F0C2200ED14C2 /* AccountView.swift in Sources */ = {isa = PBXBuildFile; fileRef = 55536A66252F0C2200ED14C2 /* AccountView.swift */; };
		55536A7B252F0C2200ED14C2 /* MainView.swift in Sources */ = {isa = PBXBuildFile; fileRef = 55536A67252F0C2200ED14C2 /* MainView.swift */; };
		55536A7D252F0C2200ED14C2 /* AppleSignInCoordinator.swift in Sources */ = {isa = PBXBuildFile; fileRef = 55536A6A252F0C2200ED14C2 /* AppleSignInCoordinator.swift */; };
		55536A7E252F0C2200ED14C2 /* FBFirestore.swift in Sources */ = {isa = PBXBuildFile; fileRef = 55536A6C252F0C2200ED14C2 /* FBFirestore.swift */; };
		55536A7F252F0C2200ED14C2 /* FBAuth.swift in Sources */ = {isa = PBXBuildFile; fileRef = 55536A6D252F0C2200ED14C2 /* FBAuth.swift */; };
		CD4872D52524886A00EB1696 /* StylepollApp.swift in Sources */ = {isa = PBXBuildFile; fileRef = CD4872D42524886A00EB1696 /* StylepollApp.swift */; };
		CD4872D92524886C00EB1696 /* Assets.xcassets in Resources */ = {isa = PBXBuildFile; fileRef = CD4872D82524886C00EB1696 /* Assets.xcassets */; };
		CD4872DC2524886C00EB1696 /* Preview Assets.xcassets in Resources */ = {isa = PBXBuildFile; fileRef = CD4872DB2524886C00EB1696 /* Preview Assets.xcassets */; };
		CD89D548252A0DAC00FE580D /* GoogleService-Info.plist in Resources */ = {isa = PBXBuildFile; fileRef = CD89D547252A0DAC00FE580D /* GoogleService-Info.plist */; };
/* End PBXBuildFile section */

/* Begin PBXFileReference section */
		55536A55252F0C2100ED14C2 /* Constants.swift */ = {isa = PBXFileReference; fileEncoding = 4; lastKnownFileType = sourcecode.swift; path = Constants.swift; sourceTree = "<group>"; };
		55536A56252F0C2100ED14C2 /* Error.swift */ = {isa = PBXFileReference; fileEncoding = 4; lastKnownFileType = sourcecode.swift; path = Error.swift; sourceTree = "<group>"; };
		55536A58252F0C2100ED14C2 /* MainNavigation.swift */ = {isa = PBXFileReference; fileEncoding = 4; lastKnownFileType = sourcecode.swift; path = MainNavigation.swift; sourceTree = "<group>"; };
		55536A59252F0C2200ED14C2 /* TabNavigation.swift */ = {isa = PBXFileReference; fileEncoding = 4; lastKnownFileType = sourcecode.swift; path = TabNavigation.swift; sourceTree = "<group>"; };
		55536A5A252F0C2200ED14C2 /* SidebarNavigation.swift */ = {isa = PBXFileReference; fileEncoding = 4; lastKnownFileType = sourcecode.swift; path = SidebarNavigation.swift; sourceTree = "<group>"; };
		55536A5C252F0C2200ED14C2 /* ImagePicker.swift */ = {isa = PBXFileReference; fileEncoding = 4; lastKnownFileType = sourcecode.swift; path = ImagePicker.swift; sourceTree = "<group>"; };
		55536A5D252F0C2200ED14C2 /* Style.swift */ = {isa = PBXFileReference; fileEncoding = 4; lastKnownFileType = sourcecode.swift; path = Style.swift; sourceTree = "<group>"; };
		55536A5F252F0C2200ED14C2 /* HeaderView.swift */ = {isa = PBXFileReference; fileEncoding = 4; lastKnownFileType = sourcecode.swift; path = HeaderView.swift; sourceTree = "<group>"; };
		55536A62252F0C2200ED14C2 /* User.swift */ = {isa = PBXFileReference; fileEncoding = 4; lastKnownFileType = sourcecode.swift; path = User.swift; sourceTree = "<group>"; };
		55536A63252F0C2200ED14C2 /* SPModel.swift */ = {isa = PBXFileReference; fileEncoding = 4; lastKnownFileType = sourcecode.swift; path = SPModel.swift; sourceTree = "<group>"; };
		55536A65252F0C2200ED14C2 /* SignInView.swift */ = {isa = PBXFileReference; fileEncoding = 4; lastKnownFileType = sourcecode.swift; path = SignInView.swift; sourceTree = "<group>"; };
		55536A66252F0C2200ED14C2 /* AccountView.swift */ = {isa = PBXFileReference; fileEncoding = 4; lastKnownFileType = sourcecode.swift; path = AccountView.swift; sourceTree = "<group>"; };
		55536A67252F0C2200ED14C2 /* MainView.swift */ = {isa = PBXFileReference; fileEncoding = 4; lastKnownFileType = sourcecode.swift; path = MainView.swift; sourceTree = "<group>"; };
		55536A68252F0C2200ED14C2 /* SignUpView.swift */ = {isa = PBXFileReference; fileEncoding = 4; lastKnownFileType = sourcecode.swift; path = SignUpView.swift; sourceTree = "<group>"; };
		55536A6A252F0C2200ED14C2 /* AppleSignInCoordinator.swift */ = {isa = PBXFileReference; fileEncoding = 4; lastKnownFileType = sourcecode.swift; path = AppleSignInCoordinator.swift; sourceTree = "<group>"; };
		55536A6C252F0C2200ED14C2 /* FBFirestore.swift */ = {isa = PBXFileReference; fileEncoding = 4; lastKnownFileType = sourcecode.swift; path = FBFirestore.swift; sourceTree = "<group>"; };
		55536A6D252F0C2200ED14C2 /* FBAuth.swift */ = {isa = PBXFileReference; fileEncoding = 4; lastKnownFileType = sourcecode.swift; path = FBAuth.swift; sourceTree = "<group>"; };
		923BA730A5F92E787732E80E /* Pods_Stylepoll.framework */ = {isa = PBXFileReference; explicitFileType = wrapper.framework; includeInIndex = 0; path = Pods_Stylepoll.framework; sourceTree = BUILT_PRODUCTS_DIR; };
		B2A333867D4CB7C0447C2FEE /* Pods-Stylepoll.release.xcconfig */ = {isa = PBXFileReference; includeInIndex = 1; lastKnownFileType = text.xcconfig; name = "Pods-Stylepoll.release.xcconfig"; path = "Target Support Files/Pods-Stylepoll/Pods-Stylepoll.release.xcconfig"; sourceTree = "<group>"; };
		CD4872D12524886A00EB1696 /* Stylepoll.app */ = {isa = PBXFileReference; explicitFileType = wrapper.application; includeInIndex = 0; path = Stylepoll.app; sourceTree = BUILT_PRODUCTS_DIR; };
		CD4872D42524886A00EB1696 /* StylepollApp.swift */ = {isa = PBXFileReference; lastKnownFileType = sourcecode.swift; path = StylepollApp.swift; sourceTree = "<group>"; };
		CD4872D82524886C00EB1696 /* Assets.xcassets */ = {isa = PBXFileReference; lastKnownFileType = folder.assetcatalog; path = Assets.xcassets; sourceTree = "<group>"; };
		CD4872DB2524886C00EB1696 /* Preview Assets.xcassets */ = {isa = PBXFileReference; lastKnownFileType = folder.assetcatalog; path = "Preview Assets.xcassets"; sourceTree = "<group>"; };
		CD4872DD2524886C00EB1696 /* Info.plist */ = {isa = PBXFileReference; lastKnownFileType = text.plist.xml; path = Info.plist; sourceTree = "<group>"; };
		CD89D547252A0DAC00FE580D /* GoogleService-Info.plist */ = {isa = PBXFileReference; fileEncoding = 4; lastKnownFileType = text.plist.xml; path = "GoogleService-Info.plist"; sourceTree = "<group>"; };
		D20016521C9879B58B4C7AEA /* Pods-Stylepoll.debug.xcconfig */ = {isa = PBXFileReference; includeInIndex = 1; lastKnownFileType = text.xcconfig; name = "Pods-Stylepoll.debug.xcconfig"; path = "Target Support Files/Pods-Stylepoll/Pods-Stylepoll.debug.xcconfig"; sourceTree = "<group>"; };
/* End PBXFileReference section */

/* Begin PBXFrameworksBuildPhase section */
		CD4872CE2524886A00EB1696 /* Frameworks */ = {
			isa = PBXFrameworksBuildPhase;
			buildActionMask = 2147483647;
			files = (
				41D058139C7DD69E2217F505 /* Pods_Stylepoll.framework in Frameworks */,
			);
			runOnlyForDeploymentPostprocessing = 0;
		};
/* End PBXFrameworksBuildPhase section */

/* Begin PBXGroup section */
		55536A53252F0C2100ED14C2 /* Share */ = {
			isa = PBXGroup;
			children = (
				55536A69252F0C2200ED14C2 /* Services */,
				55536A61252F0C2200ED14C2 /* Model */,
				55536A57252F0C2100ED14C2 /* Navigation */,
				55536A64252F0C2200ED14C2 /* Views */,
				55536A5E252F0C2200ED14C2 /* Components */,
				55536A5B252F0C2200ED14C2 /* Styles */,
				55536A54252F0C2100ED14C2 /* Extension */,
			);
			path = Share;
			sourceTree = "<group>";
		};
		55536A54252F0C2100ED14C2 /* Extension */ = {
			isa = PBXGroup;
			children = (
				55536A55252F0C2100ED14C2 /* Constants.swift */,
				55536A56252F0C2100ED14C2 /* Error.swift */,
			);
			path = Extension;
			sourceTree = "<group>";
		};
		55536A57252F0C2100ED14C2 /* Navigation */ = {
			isa = PBXGroup;
			children = (
				55536A58252F0C2100ED14C2 /* MainNavigation.swift */,
				55536A59252F0C2200ED14C2 /* TabNavigation.swift */,
				55536A5A252F0C2200ED14C2 /* SidebarNavigation.swift */,
			);
			path = Navigation;
			sourceTree = "<group>";
		};
		55536A5B252F0C2200ED14C2 /* Styles */ = {
			isa = PBXGroup;
			children = (
				55536A5D252F0C2200ED14C2 /* Style.swift */,
				55536A5C252F0C2200ED14C2 /* ImagePicker.swift */,
			);
			path = Styles;
			sourceTree = "<group>";
		};
		55536A5E252F0C2200ED14C2 /* Components */ = {
			isa = PBXGroup;
			children = (
				55536A5F252F0C2200ED14C2 /* HeaderView.swift */,
			);
			path = Components;
			sourceTree = "<group>";
		};
		55536A61252F0C2200ED14C2 /* Model */ = {
			isa = PBXGroup;
			children = (
				55536A62252F0C2200ED14C2 /* User.swift */,
				55536A63252F0C2200ED14C2 /* SPModel.swift */,
			);
			path = Model;
			sourceTree = "<group>";
		};
		55536A64252F0C2200ED14C2 /* Views */ = {
			isa = PBXGroup;
			children = (
				55536A67252F0C2200ED14C2 /* MainView.swift */,
				55536A65252F0C2200ED14C2 /* SignInView.swift */,
				55536A66252F0C2200ED14C2 /* AccountView.swift */,
				55536A68252F0C2200ED14C2 /* SignUpView.swift */,
			);
			path = Views;
			sourceTree = "<group>";
		};
		55536A69252F0C2200ED14C2 /* Services */ = {
			isa = PBXGroup;
			children = (
				55536A6A252F0C2200ED14C2 /* AppleSignInCoordinator.swift */,
				55536A6B252F0C2200ED14C2 /* Firebase */,
			);
			path = Services;
			sourceTree = "<group>";
		};
		55536A6B252F0C2200ED14C2 /* Firebase */ = {
			isa = PBXGroup;
			children = (
				55536A6C252F0C2200ED14C2 /* FBFirestore.swift */,
				55536A6D252F0C2200ED14C2 /* FBAuth.swift */,
			);
			path = Firebase;
			sourceTree = "<group>";
		};
		9915CD79492A7CC1AFF39BE0 /* Frameworks */ = {
			isa = PBXGroup;
			children = (
				923BA730A5F92E787732E80E /* Pods_Stylepoll.framework */,
			);
			name = Frameworks;
			sourceTree = "<group>";
		};
		CD4872C82524886A00EB1696 = {
			isa = PBXGroup;
			children = (
				CD4872D32524886A00EB1696 /* Stylepoll */,
				CD4872D22524886A00EB1696 /* Products */,
				E00876EECFFC366296A2DBB9 /* Pods */,
				9915CD79492A7CC1AFF39BE0 /* Frameworks */,
			);
			sourceTree = "<group>";
		};
		CD4872D22524886A00EB1696 /* Products */ = {
			isa = PBXGroup;
			children = (
				CD4872D12524886A00EB1696 /* Stylepoll.app */,
			);
			name = Products;
			sourceTree = "<group>";
		};
		CD4872D32524886A00EB1696 /* Stylepoll */ = {
			isa = PBXGroup;
			children = (
				CD4872D42524886A00EB1696 /* StylepollApp.swift */,
				CD4872D82524886C00EB1696 /* Assets.xcassets */,
				55536A53252F0C2100ED14C2 /* Share */,
				CD89D547252A0DAC00FE580D /* GoogleService-Info.plist */,
				CD4872DD2524886C00EB1696 /* Info.plist */,
				CD4872DA2524886C00EB1696 /* Preview Content */,
			);
			path = Stylepoll;
			sourceTree = "<group>";
		};
		CD4872DA2524886C00EB1696 /* Preview Content */ = {
			isa = PBXGroup;
			children = (
				CD4872DB2524886C00EB1696 /* Preview Assets.xcassets */,
			);
			path = "Preview Content";
			sourceTree = "<group>";
		};
		E00876EECFFC366296A2DBB9 /* Pods */ = {
			isa = PBXGroup;
			children = (
				D20016521C9879B58B4C7AEA /* Pods-Stylepoll.debug.xcconfig */,
				B2A333867D4CB7C0447C2FEE /* Pods-Stylepoll.release.xcconfig */,
			);
			path = Pods;
			sourceTree = "<group>";
		};
/* End PBXGroup section */

/* Begin PBXNativeTarget section */
		CD4872D02524886A00EB1696 /* Stylepoll */ = {
			isa = PBXNativeTarget;
			buildConfigurationList = CD4872E02524886C00EB1696 /* Build configuration list for PBXNativeTarget "Stylepoll" */;
			buildPhases = (
				0B3548EC14A72A03A2A4D14E /* [CP] Check Pods Manifest.lock */,
				CD4872CD2524886A00EB1696 /* Sources */,
				CD4872CE2524886A00EB1696 /* Frameworks */,
				CD4872CF2524886A00EB1696 /* Resources */,
				EA47AA83CF70061EB2EC4BE9 /* [CP] Embed Pods Frameworks */,
			);
			buildRules = (
			);
			dependencies = (
			);
			name = Stylepoll;
			productName = Stylepoll;
			productReference = CD4872D12524886A00EB1696 /* Stylepoll.app */;
			productType = "com.apple.product-type.application";
		};
/* End PBXNativeTarget section */

/* Begin PBXProject section */
		CD4872C92524886A00EB1696 /* Project object */ = {
			isa = PBXProject;
			attributes = {
				LastSwiftUpdateCheck = 1200;
				LastUpgradeCheck = 1200;
				TargetAttributes = {
					CD4872D02524886A00EB1696 = {
						CreatedOnToolsVersion = 12.0;
					};
				};
			};
			buildConfigurationList = CD4872CC2524886A00EB1696 /* Build configuration list for PBXProject "Stylepoll" */;
			compatibilityVersion = "Xcode 9.3";
			developmentRegion = en;
			hasScannedForEncodings = 0;
			knownRegions = (
				en,
				Base,
			);
			mainGroup = CD4872C82524886A00EB1696;
			productRefGroup = CD4872D22524886A00EB1696 /* Products */;
			projectDirPath = "";
			projectRoot = "";
			targets = (
				CD4872D02524886A00EB1696 /* Stylepoll */,
			);
		};
/* End PBXProject section */

/* Begin PBXResourcesBuildPhase section */
		CD4872CF2524886A00EB1696 /* Resources */ = {
			isa = PBXResourcesBuildPhase;
			buildActionMask = 2147483647;
			files = (
				CD4872DC2524886C00EB1696 /* Preview Assets.xcassets in Resources */,
				CD4872D92524886C00EB1696 /* Assets.xcassets in Resources */,
				CD89D548252A0DAC00FE580D /* GoogleService-Info.plist in Resources */,
			);
			runOnlyForDeploymentPostprocessing = 0;
		};
/* End PBXResourcesBuildPhase section */

/* Begin PBXShellScriptBuildPhase section */
		0B3548EC14A72A03A2A4D14E /* [CP] Check Pods Manifest.lock */ = {
			isa = PBXShellScriptBuildPhase;
			buildActionMask = 2147483647;
			files = (
			);
			inputFileListPaths = (
			);
			inputPaths = (
				"${PODS_PODFILE_DIR_PATH}/Podfile.lock",
				"${PODS_ROOT}/Manifest.lock",
			);
			name = "[CP] Check Pods Manifest.lock";
			outputFileListPaths = (
			);
			outputPaths = (
				"$(DERIVED_FILE_DIR)/Pods-Stylepoll-checkManifestLockResult.txt",
			);
			runOnlyForDeploymentPostprocessing = 0;
			shellPath = /bin/sh;
			shellScript = "diff \"${PODS_PODFILE_DIR_PATH}/Podfile.lock\" \"${PODS_ROOT}/Manifest.lock\" > /dev/null\nif [ $? != 0 ] ; then\n    # print error to STDERR\n    echo \"error: The sandbox is not in sync with the Podfile.lock. Run 'pod install' or update your CocoaPods installation.\" >&2\n    exit 1\nfi\n# This output is used by Xcode 'outputs' to avoid re-running this script phase.\necho \"SUCCESS\" > \"${SCRIPT_OUTPUT_FILE_0}\"\n";
			showEnvVarsInLog = 0;
		};
		EA47AA83CF70061EB2EC4BE9 /* [CP] Embed Pods Frameworks */ = {
			isa = PBXShellScriptBuildPhase;
			buildActionMask = 2147483647;
			files = (
			);
			inputFileListPaths = (
				"${PODS_ROOT}/Target Support Files/Pods-Stylepoll/Pods-Stylepoll-frameworks-${CONFIGURATION}-input-files.xcfilelist",
			);
			name = "[CP] Embed Pods Frameworks";
			outputFileListPaths = (
				"${PODS_ROOT}/Target Support Files/Pods-Stylepoll/Pods-Stylepoll-frameworks-${CONFIGURATION}-output-files.xcfilelist",
			);
			runOnlyForDeploymentPostprocessing = 0;
			shellPath = /bin/sh;
			shellScript = "\"${PODS_ROOT}/Target Support Files/Pods-Stylepoll/Pods-Stylepoll-frameworks.sh\"\n";
			showEnvVarsInLog = 0;
		};
/* End PBXShellScriptBuildPhase section */

/* Begin PBXSourcesBuildPhase section */
		CD4872CD2524886A00EB1696 /* Sources */ = {
			isa = PBXSourcesBuildPhase;
			buildActionMask = 2147483647;
			files = (
				55536A70252F0C2200ED14C2 /* MainNavigation.swift in Sources */,
				55536A75252F0C2200ED14C2 /* HeaderView.swift in Sources */,
				CD4872D52524886A00EB1696 /* StylepollApp.swift in Sources */,
				55536A72252F0C2200ED14C2 /* SidebarNavigation.swift in Sources */,
				55536A7F252F0C2200ED14C2 /* FBAuth.swift in Sources */,
				55536A7A252F0C2200ED14C2 /* AccountView.swift in Sources */,
				55536A78252F0C2200ED14C2 /* SPModel.swift in Sources */,
				55536A73252F0C2200ED14C2 /* ImagePicker.swift in Sources */,
				55536A71252F0C2200ED14C2 /* TabNavigation.swift in Sources */,
				55536A6F252F0C2200ED14C2 /* Error.swift in Sources */,
				55536A6E252F0C2200ED14C2 /* Constants.swift in Sources */,
				55536A74252F0C2200ED14C2 /* Style.swift in Sources */,
				55536A77252F0C2200ED14C2 /* User.swift in Sources */,
				55536A7B252F0C2200ED14C2 /* MainView.swift in Sources */,
				55536A7E252F0C2200ED14C2 /* FBFirestore.swift in Sources */,
				55536A79252F0C2200ED14C2 /* SignInView.swift in Sources */,
				55536A7D252F0C2200ED14C2 /* AppleSignInCoordinator.swift in Sources */,
			);
			runOnlyForDeploymentPostprocessing = 0;
		};
/* End PBXSourcesBuildPhase section */

/* Begin XCBuildConfiguration section */
		CD4872DE2524886C00EB1696 /* Debug */ = {
			isa = XCBuildConfiguration;
			buildSettings = {
				ALWAYS_SEARCH_USER_PATHS = NO;
				CLANG_ANALYZER_NONNULL = YES;
				CLANG_ANALYZER_NUMBER_OBJECT_CONVERSION = YES_AGGRESSIVE;
				CLANG_CXX_LANGUAGE_STANDARD = "gnu++14";
				CLANG_CXX_LIBRARY = "libc++";
				CLANG_ENABLE_MODULES = YES;
				CLANG_ENABLE_OBJC_ARC = YES;
				CLANG_ENABLE_OBJC_WEAK = YES;
				CLANG_WARN_BLOCK_CAPTURE_AUTORELEASING = YES;
				CLANG_WARN_BOOL_CONVERSION = YES;
				CLANG_WARN_COMMA = YES;
				CLANG_WARN_CONSTANT_CONVERSION = YES;
				CLANG_WARN_DEPRECATED_OBJC_IMPLEMENTATIONS = YES;
				CLANG_WARN_DIRECT_OBJC_ISA_USAGE = YES_ERROR;
				CLANG_WARN_DOCUMENTATION_COMMENTS = YES;
				CLANG_WARN_EMPTY_BODY = YES;
				CLANG_WARN_ENUM_CONVERSION = YES;
				CLANG_WARN_INFINITE_RECURSION = YES;
				CLANG_WARN_INT_CONVERSION = YES;
				CLANG_WARN_NON_LITERAL_NULL_CONVERSION = YES;
				CLANG_WARN_OBJC_IMPLICIT_RETAIN_SELF = YES;
				CLANG_WARN_OBJC_LITERAL_CONVERSION = YES;
				CLANG_WARN_OBJC_ROOT_CLASS = YES_ERROR;
				CLANG_WARN_QUOTED_INCLUDE_IN_FRAMEWORK_HEADER = YES;
				CLANG_WARN_RANGE_LOOP_ANALYSIS = YES;
				CLANG_WARN_STRICT_PROTOTYPES = YES;
				CLANG_WARN_SUSPICIOUS_MOVE = YES;
				CLANG_WARN_UNGUARDED_AVAILABILITY = YES_AGGRESSIVE;
				CLANG_WARN_UNREACHABLE_CODE = YES;
				CLANG_WARN__DUPLICATE_METHOD_MATCH = YES;
				COPY_PHASE_STRIP = NO;
				DEBUG_INFORMATION_FORMAT = dwarf;
				ENABLE_STRICT_OBJC_MSGSEND = YES;
				ENABLE_TESTABILITY = YES;
				GCC_C_LANGUAGE_STANDARD = gnu11;
				GCC_DYNAMIC_NO_PIC = NO;
				GCC_NO_COMMON_BLOCKS = YES;
				GCC_OPTIMIZATION_LEVEL = 0;
				GCC_PREPROCESSOR_DEFINITIONS = (
					"DEBUG=1",
					"$(inherited)",
				);
				GCC_WARN_64_TO_32_BIT_CONVERSION = YES;
				GCC_WARN_ABOUT_RETURN_TYPE = YES_ERROR;
				GCC_WARN_UNDECLARED_SELECTOR = YES;
				GCC_WARN_UNINITIALIZED_AUTOS = YES_AGGRESSIVE;
				GCC_WARN_UNUSED_FUNCTION = YES;
				GCC_WARN_UNUSED_VARIABLE = YES;
				IPHONEOS_DEPLOYMENT_TARGET = 14.0;
				MTL_ENABLE_DEBUG_INFO = INCLUDE_SOURCE;
				MTL_FAST_MATH = YES;
				ONLY_ACTIVE_ARCH = YES;
				SDKROOT = iphoneos;
				SWIFT_ACTIVE_COMPILATION_CONDITIONS = DEBUG;
				SWIFT_OPTIMIZATION_LEVEL = "-Onone";
			};
			name = Debug;
		};
		CD4872DF2524886C00EB1696 /* Release */ = {
			isa = XCBuildConfiguration;
			buildSettings = {
				ALWAYS_SEARCH_USER_PATHS = NO;
				CLANG_ANALYZER_NONNULL = YES;
				CLANG_ANALYZER_NUMBER_OBJECT_CONVERSION = YES_AGGRESSIVE;
				CLANG_CXX_LANGUAGE_STANDARD = "gnu++14";
				CLANG_CXX_LIBRARY = "libc++";
				CLANG_ENABLE_MODULES = YES;
				CLANG_ENABLE_OBJC_ARC = YES;
				CLANG_ENABLE_OBJC_WEAK = YES;
				CLANG_WARN_BLOCK_CAPTURE_AUTORELEASING = YES;
				CLANG_WARN_BOOL_CONVERSION = YES;
				CLANG_WARN_COMMA = YES;
				CLANG_WARN_CONSTANT_CONVERSION = YES;
				CLANG_WARN_DEPRECATED_OBJC_IMPLEMENTATIONS = YES;
				CLANG_WARN_DIRECT_OBJC_ISA_USAGE = YES_ERROR;
				CLANG_WARN_DOCUMENTATION_COMMENTS = YES;
				CLANG_WARN_EMPTY_BODY = YES;
				CLANG_WARN_ENUM_CONVERSION = YES;
				CLANG_WARN_INFINITE_RECURSION = YES;
				CLANG_WARN_INT_CONVERSION = YES;
				CLANG_WARN_NON_LITERAL_NULL_CONVERSION = YES;
				CLANG_WARN_OBJC_IMPLICIT_RETAIN_SELF = YES;
				CLANG_WARN_OBJC_LITERAL_CONVERSION = YES;
				CLANG_WARN_OBJC_ROOT_CLASS = YES_ERROR;
				CLANG_WARN_QUOTED_INCLUDE_IN_FRAMEWORK_HEADER = YES;
				CLANG_WARN_RANGE_LOOP_ANALYSIS = YES;
				CLANG_WARN_STRICT_PROTOTYPES = YES;
				CLANG_WARN_SUSPICIOUS_MOVE = YES;
				CLANG_WARN_UNGUARDED_AVAILABILITY = YES_AGGRESSIVE;
				CLANG_WARN_UNREACHABLE_CODE = YES;
				CLANG_WARN__DUPLICATE_METHOD_MATCH = YES;
				COPY_PHASE_STRIP = NO;
				DEBUG_INFORMATION_FORMAT = "dwarf-with-dsym";
				ENABLE_NS_ASSERTIONS = NO;
				ENABLE_STRICT_OBJC_MSGSEND = YES;
				GCC_C_LANGUAGE_STANDARD = gnu11;
				GCC_NO_COMMON_BLOCKS = YES;
				GCC_WARN_64_TO_32_BIT_CONVERSION = YES;
				GCC_WARN_ABOUT_RETURN_TYPE = YES_ERROR;
				GCC_WARN_UNDECLARED_SELECTOR = YES;
				GCC_WARN_UNINITIALIZED_AUTOS = YES_AGGRESSIVE;
				GCC_WARN_UNUSED_FUNCTION = YES;
				GCC_WARN_UNUSED_VARIABLE = YES;
				IPHONEOS_DEPLOYMENT_TARGET = 14.0;
				MTL_ENABLE_DEBUG_INFO = NO;
				MTL_FAST_MATH = YES;
				SDKROOT = iphoneos;
				SWIFT_COMPILATION_MODE = wholemodule;
				SWIFT_OPTIMIZATION_LEVEL = "-O";
				VALIDATE_PRODUCT = YES;
			};
			name = Release;
		};
		CD4872E12524886C00EB1696 /* Debug */ = {
			isa = XCBuildConfiguration;
			baseConfigurationReference = D20016521C9879B58B4C7AEA /* Pods-Stylepoll.debug.xcconfig */;
			buildSettings = {
				ASSETCATALOG_COMPILER_APPICON_NAME = AppIcon;
				ASSETCATALOG_COMPILER_GLOBAL_ACCENT_COLOR_NAME = AccentColor;
				CODE_SIGN_STYLE = Automatic;
				DEVELOPMENT_ASSET_PATHS = "\"Stylepoll/Preview Content\"";
				DEVELOPMENT_TEAM = 72NYN8P4E4;
				ENABLE_PREVIEWS = YES;
				INFOPLIST_FILE = Stylepoll/Info.plist;
				IPHONEOS_DEPLOYMENT_TARGET = 14.0;
				LD_RUNPATH_SEARCH_PATHS = (
					"$(inherited)",
					"@executable_path/Frameworks",
				);
				PRODUCT_BUNDLE_IDENTIFIER = com.romeshsinghabahu.Stylepoll;
				PRODUCT_NAME = "$(TARGET_NAME)";
				SWIFT_VERSION = 5.0;
				TARGETED_DEVICE_FAMILY = "1,2";
			};
			name = Debug;
		};
		CD4872E22524886C00EB1696 /* Release */ = {
			isa = XCBuildConfiguration;
			baseConfigurationReference = B2A333867D4CB7C0447C2FEE /* Pods-Stylepoll.release.xcconfig */;
			buildSettings = {
				ASSETCATALOG_COMPILER_APPICON_NAME = AppIcon;
				ASSETCATALOG_COMPILER_GLOBAL_ACCENT_COLOR_NAME = AccentColor;
				CODE_SIGN_STYLE = Automatic;
				DEVELOPMENT_ASSET_PATHS = "\"Stylepoll/Preview Content\"";
				DEVELOPMENT_TEAM = 72NYN8P4E4;
				ENABLE_PREVIEWS = YES;
				INFOPLIST_FILE = Stylepoll/Info.plist;
				IPHONEOS_DEPLOYMENT_TARGET = 14.0;
				LD_RUNPATH_SEARCH_PATHS = (
					"$(inherited)",
					"@executable_path/Frameworks",
				);
				PRODUCT_BUNDLE_IDENTIFIER = com.romeshsinghabahu.Stylepoll;
				PRODUCT_NAME = "$(TARGET_NAME)";
				SWIFT_VERSION = 5.0;
				TARGETED_DEVICE_FAMILY = "1,2";
			};
			name = Release;
		};
/* End XCBuildConfiguration section */

/* Begin XCConfigurationList section */
		CD4872CC2524886A00EB1696 /* Build configuration list for PBXProject "Stylepoll" */ = {
			isa = XCConfigurationList;
			buildConfigurations = (
				CD4872DE2524886C00EB1696 /* Debug */,
				CD4872DF2524886C00EB1696 /* Release */,
			);
			defaultConfigurationIsVisible = 0;
			defaultConfigurationName = Release;
		};
		CD4872E02524886C00EB1696 /* Build configuration list for PBXNativeTarget "Stylepoll" */ = {
			isa = XCConfigurationList;
			buildConfigurations = (
				CD4872E12524886C00EB1696 /* Debug */,
				CD4872E22524886C00EB1696 /* Release */,
			);
			defaultConfigurationIsVisible = 0;
			defaultConfigurationName = Release;
		};
/* End XCConfigurationList section */
	};
	rootObject = CD4872C92524886A00EB1696 /* Project object */;
}
